
Microsoft Visual Studio Solution File, Format Version 12.00
# Visual Studio Version 17
VisualStudioVersion = 17.4.33110.190
MinimumVisualStudioVersion = 10.0.40219.1
Project("{9A19103F-16F7-4668-BE54-9A1E7A4F7556}") = "M3Practice12", "M3Practice12\M3Practice12.csproj", "{2FB471B1-8340-4608-927A-7494330B5901}"
EndProject
Project("{FAE04EC0-301F-11D3-BF4B-00C04F79EFBC}") = "Serialization", "Serialization\Serialization.csproj", "{CCFBF6D4-4BC6-4AA8-A4FD-DD250077AB92}"
EndProject
Global
	GlobalSection(SolutionConfigurationPlatforms) = preSolution
		Debug|Any CPU = Debug|Any CPU
		Release|Any CPU = Release|Any CPU
	EndGlobalSection
	GlobalSection(ProjectConfigurationPlatforms) = postSolution
		{2FB471B1-8340-4608-927A-7494330B5901}.Debug|Any CPU.ActiveCfg = Debug|Any CPU
		{2FB471B1-8340-4608-927A-7494330B5901}.Debug|Any CPU.Build.0 = Debug|Any CPU
		{2FB471B1-8340-4608-927A-7494330B5901}.Release|Any CPU.ActiveCfg = Release|Any CPU
		{2FB471B1-8340-4608-927A-7494330B5901}.Release|Any CPU.Build.0 = Release|Any CPU
		{CCFBF6D4-4BC6-4AA8-A4FD-DD250077AB92}.Debug|Any CPU.ActiveCfg = Debug|Any CPU
		{CCFBF6D4-4BC6-4AA8-A4FD-DD250077AB92}.Debug|Any CPU.Build.0 = Debug|Any CPU
		{CCFBF6D4-4BC6-4AA8-A4FD-DD250077AB92}.Release|Any CPU.ActiveCfg = Release|Any CPU
		{CCFBF6D4-4BC6-4AA8-A4FD-DD250077AB92}.Release|Any CPU.Build.0 = Release|Any CPU
	EndGlobalSection
	GlobalSection(SolutionProperties) = preSolution
		HideSolutionNode = FALSE
	EndGlobalSection
	GlobalSection(ExtensibilityGlobals) = postSolution
		SolutionGuid = {A1BAC3D8-0EFB-42EB-BA65-43CEC12D2B05}
	EndGlobalSection
EndGlobal
